
Microsoft Visual Studio Solution File, Format Version 12.00
# Visual Studio Version 16
VisualStudioVersion = 16.0.32929.386
MinimumVisualStudioVersion = 10.0.40219.1
Project("{FAE04EC0-301F-11D3-BF4B-00C04F79EFBC}") = "GosueSportClientPresentacion", "GosueSportClient\GosueSportClientPresentacion.csproj", "{81884C4D-DB3F-48A4-A871-B282373AF29D}"
EndProject
Project("{FAE04EC0-301F-11D3-BF4B-00C04F79EFBC}") = "CapaLogica", "CapaLogica\CapaLogica.csproj", "{D490A3A4-8C7D-4589-B6CF-2147927678E1}"
EndProject
Project("{FAE04EC0-301F-11D3-BF4B-00C04F79EFBC}") = "CapaModelo", "CapaModelo\CapaModelo.csproj", "{74775DD6-4C84-4364-AC52-2E550A36BFB0}"
EndProject
Global
	GlobalSection(SolutionConfigurationPlatforms) = preSolution
		Debug|Any CPU = Debug|Any CPU
		Release|Any CPU = Release|Any CPU
	EndGlobalSection
	GlobalSection(ProjectConfigurationPlatforms) = postSolution
		{81884C4D-DB3F-48A4-A871-B282373AF29D}.Debug|Any CPU.ActiveCfg = Debug|Any CPU
		{81884C4D-DB3F-48A4-A871-B282373AF29D}.Debug|Any CPU.Build.0 = Debug|Any CPU
		{81884C4D-DB3F-48A4-A871-B282373AF29D}.Release|Any CPU.ActiveCfg = Release|Any CPU
		{81884C4D-DB3F-48A4-A871-B282373AF29D}.Release|Any CPU.Build.0 = Release|Any CPU
		{D490A3A4-8C7D-4589-B6CF-2147927678E1}.Debug|Any CPU.ActiveCfg = Debug|Any CPU
		{D490A3A4-8C7D-4589-B6CF-2147927678E1}.Debug|Any CPU.Build.0 = Debug|Any CPU
		{D490A3A4-8C7D-4589-B6CF-2147927678E1}.Release|Any CPU.ActiveCfg = Release|Any CPU
		{D490A3A4-8C7D-4589-B6CF-2147927678E1}.Release|Any CPU.Build.0 = Release|Any CPU
		{74775DD6-4C84-4364-AC52-2E550A36BFB0}.Debug|Any CPU.ActiveCfg = Debug|Any CPU
		{74775DD6-4C84-4364-AC52-2E550A36BFB0}.Debug|Any CPU.Build.0 = Debug|Any CPU
		{74775DD6-4C84-4364-AC52-2E550A36BFB0}.Release|Any CPU.ActiveCfg = Release|Any CPU
		{74775DD6-4C84-4364-AC52-2E550A36BFB0}.Release|Any CPU.Build.0 = Release|Any CPU
	EndGlobalSection
	GlobalSection(SolutionProperties) = preSolution
		HideSolutionNode = FALSE
	EndGlobalSection
	GlobalSection(ExtensibilityGlobals) = postSolution
		SolutionGuid = {8D56DB23-F675-4D32-AFAC-B4584F0431E5}
	EndGlobalSection
EndGlobal
